// !$*UTF8*$!
{
	archiveVersion = 1;
	classes = {
	};
	objectVersion = 46;
	objects = {

/* Begin PBXBuildFile section */
		81ADD1D018E17BBC00888A3D /* Foundation.framework in Frameworks */ = {isa = PBXBuildFile; fileRef = 81ADD1CF18E17BBC00888A3D /* Foundation.framework */; };
		81ADD1D218E17BBC00888A3D /* CoreGraphics.framework in Frameworks */ = {isa = PBXBuildFile; fileRef = 81ADD1D118E17BBC00888A3D /* CoreGraphics.framework */; };
		81ADD1D418E17BBC00888A3D /* UIKit.framework in Frameworks */ = {isa = PBXBuildFile; fileRef = 81ADD1D318E17BBC00888A3D /* UIKit.framework */; };
		81ADD1DA18E17BBC00888A3D /* InfoPlist.strings in Resources */ = {isa = PBXBuildFile; fileRef = 81ADD1D818E17BBC00888A3D /* InfoPlist.strings */; };
		81ADD1DC18E17BBC00888A3D /* main.m in Sources */ = {isa = PBXBuildFile; fileRef = 81ADD1DB18E17BBC00888A3D /* main.m */; };
		81ADD1E018E17BBC00888A3D /* OSAAppDelegate.m in Sources */ = {isa = PBXBuildFile; fileRef = 81ADD1DF18E17BBC00888A3D /* OSAAppDelegate.m */; };
		81ADD1E318E17BBD00888A3D /* Main.storyboard in Resources */ = {isa = PBXBuildFile; fileRef = 81ADD1E118E17BBD00888A3D /* Main.storyboard */; };
		81ADD1E618E17BBD00888A3D /* OSAViewController.m in Sources */ = {isa = PBXBuildFile; fileRef = 81ADD1E518E17BBD00888A3D /* OSAViewController.m */; };
		81ADD1E818E17BBD00888A3D /* Images.xcassets in Resources */ = {isa = PBXBuildFile; fileRef = 81ADD1E718E17BBD00888A3D /* Images.xcassets */; };
		81ADD1EF18E17BBD00888A3D /* XCTest.framework in Frameworks */ = {isa = PBXBuildFile; fileRef = 81ADD1EE18E17BBD00888A3D /* XCTest.framework */; };
		81ADD1F018E17BBD00888A3D /* Foundation.framework in Frameworks */ = {isa = PBXBuildFile; fileRef = 81ADD1CF18E17BBC00888A3D /* Foundation.framework */; };
		81ADD1F118E17BBD00888A3D /* UIKit.framework in Frameworks */ = {isa = PBXBuildFile; fileRef = 81ADD1D318E17BBC00888A3D /* UIKit.framework */; };
		81ADD1F918E17BBD00888A3D /* InfoPlist.strings in Resources */ = {isa = PBXBuildFile; fileRef = 81ADD1F718E17BBD00888A3D /* InfoPlist.strings */; };
		81ADD1FB18E17BBD00888A3D /* iOSSampleAppTests.m in Sources */ = {isa = PBXBuildFile; fileRef = 81ADD1FA18E17BBD00888A3D /* iOSSampleAppTests.m */; };
/* End PBXBuildFile section */

/* Begin PBXContainerItemProxy section */
		81ADD1F218E17BBD00888A3D /* PBXContainerItemProxy */ = {
			isa = PBXContainerItemProxy;
			containerPortal = 81ADD1C418E17BBC00888A3D /* Project object */;
			proxyType = 1;
			remoteGlobalIDString = 81ADD1CB18E17BBC00888A3D;
			remoteInfo = iOSSampleApp;
		};
/* End PBXContainerItemProxy section */

/* Begin PBXFileReference section */
		81ADD1CC18E17BBC00888A3D /* iOSSampleApp.app */ = {isa = PBXFileReference; explicitFileType = wrapper.application; includeInIndex = 0; path = iOSSampleApp.app; sourceTree = BUILT_PRODUCTS_DIR; };
		81ADD1CF18E17BBC00888A3D /* Foundation.framework */ = {isa = PBXFileReference; lastKnownFileType = wrapper.framework; name = Foundation.framework; path = System/Library/Frameworks/Foundation.framework; sourceTree = SDKROOT; };
		81ADD1D118E17BBC00888A3D /* CoreGraphics.framework */ = {isa = PBXFileReference; lastKnownFileType = wrapper.framework; name = CoreGraphics.framework; path = System/Library/Frameworks/CoreGraphics.framework; sourceTree = SDKROOT; };
		81ADD1D318E17BBC00888A3D /* UIKit.framework */ = {isa = PBXFileReference; lastKnownFileType = wrapper.framework; name = UIKit.framework; path = System/Library/Frameworks/UIKit.framework; sourceTree = SDKROOT; };
		81ADD1D718E17BBC00888A3D /* iOSSampleApp-Info.plist */ = {isa = PBXFileReference; lastKnownFileType = text.plist.xml; path = "iOSSampleApp-Info.plist"; sourceTree = "<group>"; };
		81ADD1D918E17BBC00888A3D /* en */ = {isa = PBXFileReference; lastKnownFileType = text.plist.strings; name = en; path = en.lproj/InfoPlist.strings; sourceTree = "<group>"; };
		81ADD1DB18E17BBC00888A3D /* main.m */ = {isa = PBXFileReference; lastKnownFileType = sourcecode.c.objc; path = main.m; sourceTree = "<group>"; };
		81ADD1DD18E17BBC00888A3D /* iOSSampleApp-Prefix.pch */ = {isa = PBXFileReference; lastKnownFileType = sourcecode.c.h; path = "iOSSampleApp-Prefix.pch"; sourceTree = "<group>"; };
		81ADD1DE18E17BBC00888A3D /* OSAAppDelegate.h */ = {isa = PBXFileReference; lastKnownFileType = sourcecode.c.h; path = OSAAppDelegate.h; sourceTree = "<group>"; };
		81ADD1DF18E17BBC00888A3D /* OSAAppDelegate.m */ = {isa = PBXFileReference; lastKnownFileType = sourcecode.c.objc; path = OSAAppDelegate.m; sourceTree = "<group>"; };
		81ADD1E218E17BBD00888A3D /* Base */ = {isa = PBXFileReference; lastKnownFileType = file.storyboard; name = Base; path = Base.lproj/Main.storyboard; sourceTree = "<group>"; };
		81ADD1E418E17BBD00888A3D /* OSAViewController.h */ = {isa = PBXFileReference; lastKnownFileType = sourcecode.c.h; path = OSAViewController.h; sourceTree = "<group>"; };
		81ADD1E518E17BBD00888A3D /* OSAViewController.m */ = {isa = PBXFileReference; lastKnownFileType = sourcecode.c.objc; path = OSAViewController.m; sourceTree = "<group>"; };
		81ADD1E718E17BBD00888A3D /* Images.xcassets */ = {isa = PBXFileReference; lastKnownFileType = folder.assetcatalog; path = Images.xcassets; sourceTree = "<group>"; };
		81ADD1ED18E17BBD00888A3D /* iOSSampleAppTests.xctest */ = {isa = PBXFileReference; explicitFileType = wrapper.cfbundle; includeInIndex = 0; path = iOSSampleAppTests.xctest; sourceTree = BUILT_PRODUCTS_DIR; };
		81ADD1EE18E17BBD00888A3D /* XCTest.framework */ = {isa = PBXFileReference; lastKnownFileType = wrapper.framework; name = XCTest.framework; path = Library/Frameworks/XCTest.framework; sourceTree = DEVELOPER_DIR; };
		81ADD1F618E17BBD00888A3D /* iOSSampleAppTests-Info.plist */ = {isa = PBXFileReference; lastKnownFileType = text.plist.xml; path = "iOSSampleAppTests-Info.plist"; sourceTree = "<group>"; };
		81ADD1F818E17BBD00888A3D /* en */ = {isa = PBXFileReference; lastKnownFileType = text.plist.strings; name = en; path = en.lproj/InfoPlist.strings; sourceTree = "<group>"; };
		81ADD1FA18E17BBD00888A3D /* iOSSampleAppTests.m */ = {isa = PBXFileReference; lastKnownFileType = sourcecode.c.objc; path = iOSSampleAppTests.m; sourceTree = "<group>"; };
/* End PBXFileReference section */

/* Begin PBXFrameworksBuildPhase section */
		81ADD1C918E17BBC00888A3D /* Frameworks */ = {
			isa = PBXFrameworksBuildPhase;
			buildActionMask = 2147483647;
			files = (
				81ADD1D218E17BBC00888A3D /* CoreGraphics.framework in Frameworks */,
				81ADD1D418E17BBC00888A3D /* UIKit.framework in Frameworks */,
				81ADD1D018E17BBC00888A3D /* Foundation.framework in Frameworks */,
			);
			runOnlyForDeploymentPostprocessing = 0;
		};
		81ADD1EA18E17BBD00888A3D /* Frameworks */ = {
			isa = PBXFrameworksBuildPhase;
			buildActionMask = 2147483647;
			files = (
				81ADD1EF18E17BBD00888A3D /* XCTest.framework in Frameworks */,
				81ADD1F118E17BBD00888A3D /* UIKit.framework in Frameworks */,
				81ADD1F018E17BBD00888A3D /* Foundation.framework in Frameworks */,
			);
			runOnlyForDeploymentPostprocessing = 0;
		};
/* End PBXFrameworksBuildPhase section */

/* Begin PBXGroup section */
		81ADD1C318E17BBC00888A3D = {
			isa = PBXGroup;
			children = (
				81ADD1D518E17BBC00888A3D /* iOSSampleApp */,
				81ADD1F418E17BBD00888A3D /* iOSSampleAppTests */,
				81ADD1CE18E17BBC00888A3D /* Frameworks */,
				81ADD1CD18E17BBC00888A3D /* Products */,
			);
			sourceTree = "<group>";
		};
		81ADD1CD18E17BBC00888A3D /* Products */ = {
			isa = PBXGroup;
			children = (
				81ADD1CC18E17BBC00888A3D /* iOSSampleApp.app */,
				81ADD1ED18E17BBD00888A3D /* iOSSampleAppTests.xctest */,
			);
			name = Products;
			sourceTree = "<group>";
		};
		81ADD1CE18E17BBC00888A3D /* Frameworks */ = {
			isa = PBXGroup;
			children = (
				81ADD1CF18E17BBC00888A3D /* Foundation.framework */,
				81ADD1D118E17BBC00888A3D /* CoreGraphics.framework */,
				81ADD1D318E17BBC00888A3D /* UIKit.framework */,
				81ADD1EE18E17BBD00888A3D /* XCTest.framework */,
			);
			name = Frameworks;
			sourceTree = "<group>";
		};
		81ADD1D518E17BBC00888A3D /* iOSSampleApp */ = {
			isa = PBXGroup;
			children = (
				81ADD1DE18E17BBC00888A3D /* OSAAppDelegate.h */,
				81ADD1DF18E17BBC00888A3D /* OSAAppDelegate.m */,
				81ADD1E118E17BBD00888A3D /* Main.storyboard */,
				81ADD1E418E17BBD00888A3D /* OSAViewController.h */,
				81ADD1E518E17BBD00888A3D /* OSAViewController.m */,
				81ADD1E718E17BBD00888A3D /* Images.xcassets */,
				81ADD1D618E17BBC00888A3D /* Supporting Files */,
			);
			path = iOSSampleApp;
			sourceTree = "<group>";
		};
		81ADD1D618E17BBC00888A3D /* Supporting Files */ = {
			isa = PBXGroup;
			children = (
				81ADD1D718E17BBC00888A3D /* iOSSampleApp-Info.plist */,
				81ADD1D818E17BBC00888A3D /* InfoPlist.strings */,
				81ADD1DB18E17BBC00888A3D /* main.m */,
				81ADD1DD18E17BBC00888A3D /* iOSSampleApp-Prefix.pch */,
			);
			name = "Supporting Files";
			sourceTree = "<group>";
		};
		81ADD1F418E17BBD00888A3D /* iOSSampleAppTests */ = {
			isa = PBXGroup;
			children = (
				81ADD1FA18E17BBD00888A3D /* iOSSampleAppTests.m */,
				81ADD1F518E17BBD00888A3D /* Supporting Files */,
			);
			path = iOSSampleAppTests;
			sourceTree = "<group>";
		};
		81ADD1F518E17BBD00888A3D /* Supporting Files */ = {
			isa = PBXGroup;
			children = (
				81ADD1F618E17BBD00888A3D /* iOSSampleAppTests-Info.plist */,
				81ADD1F718E17BBD00888A3D /* InfoPlist.strings */,
			);
			name = "Supporting Files";
			sourceTree = "<group>";
		};
/* End PBXGroup section */

/* Begin PBXNativeTarget section */
		81ADD1CB18E17BBC00888A3D /* iOSSampleApp */ = {
			isa = PBXNativeTarget;
			buildConfigurationList = 81ADD1FE18E17BBD00888A3D /* Build configuration list for PBXNativeTarget "iOSSampleApp" */;
			buildPhases = (
				81ADD1C818E17BBC00888A3D /* Sources */,
				81ADD1C918E17BBC00888A3D /* Frameworks */,
				81ADD1CA18E17BBC00888A3D /* Resources */,
			);
			buildRules = (
			);
			dependencies = (
			);
			name = iOSSampleApp;
			productName = iOSSampleApp;
			productReference = 81ADD1CC18E17BBC00888A3D /* iOSSampleApp.app */;
			productType = "com.apple.product-type.application";
		};
		81ADD1EC18E17BBD00888A3D /* iOSSampleAppTests */ = {
			isa = PBXNativeTarget;
			buildConfigurationList = 81ADD20118E17BBD00888A3D /* Build configuration list for PBXNativeTarget "iOSSampleAppTests" */;
			buildPhases = (
				81ADD1E918E17BBD00888A3D /* Sources */,
				81ADD1EA18E17BBD00888A3D /* Frameworks */,
				81ADD1EB18E17BBD00888A3D /* Resources */,
			);
			buildRules = (
			);
			dependencies = (
				81ADD1F318E17BBD00888A3D /* PBXTargetDependency */,
			);
			name = iOSSampleAppTests;
			productName = iOSSampleAppTests;
			productReference = 81ADD1ED18E17BBD00888A3D /* iOSSampleAppTests.xctest */;
			productType = "com.apple.product-type.bundle.unit-test";
		};
/* End PBXNativeTarget section */

/* Begin PBXProject section */
		81ADD1C418E17BBC00888A3D /* Project object */ = {
			isa = PBXProject;
			attributes = {
				CLASSPREFIX = OSA;
				LastUpgradeCheck = 0510;
				ORGANIZATIONNAME = ios;
				TargetAttributes = {
					81ADD1EC18E17BBD00888A3D = {
						TestTargetID = 81ADD1CB18E17BBC00888A3D;
					};
				};
			};
			buildConfigurationList = 81ADD1C718E17BBC00888A3D /* Build configuration list for PBXProject "iOSSampleApp" */;
			compatibilityVersion = "Xcode 3.2";
			developmentRegion = English;
			hasScannedForEncodings = 0;
			knownRegions = (
				en,
				Base,
			);
			mainGroup = 81ADD1C318E17BBC00888A3D;
			productRefGroup = 81ADD1CD18E17BBC00888A3D /* Products */;
			projectDirPath = "";
			projectRoot = "";
			targets = (
				81ADD1CB18E17BBC00888A3D /* iOSSampleApp */,
				81ADD1EC18E17BBD00888A3D /* iOSSampleAppTests */,
			);
		};
/* End PBXProject section */

/* Begin PBXResourcesBuildPhase section */
		81ADD1CA18E17BBC00888A3D /* Resources */ = {
			isa = PBXResourcesBuildPhase;
			buildActionMask = 2147483647;
			files = (
				81ADD1E818E17BBD00888A3D /* Images.xcassets in Resources */,
				81ADD1DA18E17BBC00888A3D /* InfoPlist.strings in Resources */,
				81ADD1E318E17BBD00888A3D /* Main.storyboard in Resources */,
			);
			runOnlyForDeploymentPostprocessing = 0;
		};
		81ADD1EB18E17BBD00888A3D /* Resources */ = {
			isa = PBXResourcesBuildPhase;
			buildActionMask = 2147483647;
			files = (
				81ADD1F918E17BBD00888A3D /* InfoPlist.strings in Resources */,
			);
			runOnlyForDeploymentPostprocessing = 0;
		};
/* End PBXResourcesBuildPhase section */

/* Begin PBXSourcesBuildPhase section */
		81ADD1C818E17BBC00888A3D /* Sources */ = {
			isa = PBXSourcesBuildPhase;
			buildActionMask = 2147483647;
			files = (
				81ADD1E018E17BBC00888A3D /* OSAAppDelegate.m in Sources */,
				81ADD1E618E17BBD00888A3D /* OSAViewController.m in Sources */,
				81ADD1DC18E17BBC00888A3D /* main.m in Sources */,
			);
			runOnlyForDeploymentPostprocessing = 0;
		};
		81ADD1E918E17BBD00888A3D /* Sources */ = {
			isa = PBXSourcesBuildPhase;
			buildActionMask = 2147483647;
			files = (
				81ADD1FB18E17BBD00888A3D /* iOSSampleAppTests.m in Sources */,
			);
			runOnlyForDeploymentPostprocessing = 0;
		};
/* End PBXSourcesBuildPhase section */

/* Begin PBXTargetDependency section */
		81ADD1F318E17BBD00888A3D /* PBXTargetDependency */ = {
			isa = PBXTargetDependency;
			target = 81ADD1CB18E17BBC00888A3D /* iOSSampleApp */;
			targetProxy = 81ADD1F218E17BBD00888A3D /* PBXContainerItemProxy */;
		};
/* End PBXTargetDependency section */

/* Begin PBXVariantGroup section */
		81ADD1D818E17BBC00888A3D /* InfoPlist.strings */ = {
			isa = PBXVariantGroup;
			children = (
				81ADD1D918E17BBC00888A3D /* en */,
			);
			name = InfoPlist.strings;
			sourceTree = "<group>";
		};
		81ADD1E118E17BBD00888A3D /* Main.storyboard */ = {
			isa = PBXVariantGroup;
			children = (
				81ADD1E218E17BBD00888A3D /* Base */,
			);
			name = Main.storyboard;
			sourceTree = "<group>";
		};
		81ADD1F718E17BBD00888A3D /* InfoPlist.strings */ = {
			isa = PBXVariantGroup;
			children = (
				81ADD1F818E17BBD00888A3D /* en */,
			);
			name = InfoPlist.strings;
			sourceTree = "<group>";
		};
/* End PBXVariantGroup section */

/* Begin XCBuildConfiguration section */
		81ADD1FC18E17BBD00888A3D /* Debug */ = {
			isa = XCBuildConfiguration;
			buildSettings = {
				ALWAYS_SEARCH_USER_PATHS = NO;
				CLANG_CXX_LANGUAGE_STANDARD = "gnu++0x";
				CLANG_CXX_LIBRARY = "libc++";
				CLANG_ENABLE_MODULES = YES;
				CLANG_ENABLE_OBJC_ARC = YES;
				CLANG_WARN_BOOL_CONVERSION = YES;
				CLANG_WARN_CONSTANT_CONVERSION = YES;
				CLANG_WARN_DIRECT_OBJC_ISA_USAGE = YES_ERROR;
				CLANG_WARN_EMPTY_BODY = YES;
				CLANG_WARN_ENUM_CONVERSION = YES;
				CLANG_WARN_INT_CONVERSION = YES;
				CLANG_WARN_OBJC_ROOT_CLASS = YES_ERROR;
				CLANG_WARN__DUPLICATE_METHOD_MATCH = YES;
				"CODE_SIGN_IDENTITY[sdk=iphoneos*]" = "iPhone Developer";
				COPY_PHASE_STRIP = NO;
				GCC_C_LANGUAGE_STANDARD = gnu99;
				GCC_DYNAMIC_NO_PIC = NO;
				GCC_OPTIMIZATION_LEVEL = 0;
				GCC_PREPROCESSOR_DEFINITIONS = (
					"DEBUG=1",
					"$(inherited)",
				);
				GCC_SYMBOLS_PRIVATE_EXTERN = NO;
				GCC_WARN_64_TO_32_BIT_CONVERSION = YES;
				GCC_WARN_ABOUT_RETURN_TYPE = YES_ERROR;
				GCC_WARN_UNDECLARED_SELECTOR = YES;
				GCC_WARN_UNINITIALIZED_AUTOS = YES_AGGRESSIVE;
				GCC_WARN_UNUSED_FUNCTION = YES;
				GCC_WARN_UNUSED_VARIABLE = YES;
				IPHONEOS_DEPLOYMENT_TARGET = 7.1;
				ONLY_ACTIVE_ARCH = YES;
				SDKROOT = iphoneos;
			};
			name = Debug;
		};
		81ADD1FD18E17BBD00888A3D /* Release */ = {
			isa = XCBuildConfiguration;
			buildSettings = {
				ALWAYS_SEARCH_USER_PATHS = NO;
				CLANG_CXX_LANGUAGE_STANDARD = "gnu++0x";
				CLANG_CXX_LIBRARY = "libc++";
				CLANG_ENABLE_MODULES = YES;
				CLANG_ENABLE_OBJC_ARC = YES;
				CLANG_WARN_BOOL_CONVERSION = YES;
				CLANG_WARN_CONSTANT_CONVERSION = YES;
				CLANG_WARN_DIRECT_OBJC_ISA_USAGE = YES_ERROR;
				CLANG_WARN_EMPTY_BODY = YES;
				CLANG_WARN_ENUM_CONVERSION = YES;
				CLANG_WARN_INT_CONVERSION = YES;
				CLANG_WARN_OBJC_ROOT_CLASS = YES_ERROR;
				CLANG_WARN__DUPLICATE_METHOD_MATCH = YES;
				"CODE_SIGN_IDENTITY[sdk=iphoneos*]" = "iPhone Developer";
				COPY_PHASE_STRIP = YES;
				ENABLE_NS_ASSERTIONS = NO;
				GCC_C_LANGUAGE_STANDARD = gnu99;
				GCC_WARN_64_TO_32_BIT_CONVERSION = YES;
				GCC_WARN_ABOUT_RETURN_TYPE = YES_ERROR;
				GCC_WARN_UNDECLARED_SELECTOR = YES;
				GCC_WARN_UNINITIALIZED_AUTOS = YES_AGGRESSIVE;
				GCC_WARN_UNUSED_FUNCTION = YES;
				GCC_WARN_UNUSED_VARIABLE = YES;
				IPHONEOS_DEPLOYMENT_TARGET = 7.1;
				SDKROOT = iphoneos;
				VALIDATE_PRODUCT = YES;
			};
			name = Release;
		};
		81ADD1FF18E17BBD00888A3D /* Debug */ = {
			isa = XCBuildConfiguration;
			buildSettings = {
				ASSETCATALOG_COMPILER_APPICON_NAME = AppIcon;
				ASSETCATALOG_COMPILER_LAUNCHIMAGE_NAME = LaunchImage;
				GCC_PRECOMPILE_PREFIX_HEADER = YES;
				GCC_PREFIX_HEADER = "iOSSampleApp/iOSSampleApp-Prefix.pch";
				INFOPLIST_FILE = "iOSSampleApp/iOSSampleApp-Info.plist";
				PRODUCT_NAME = "$(TARGET_NAME)";
				WRAPPER_EXTENSION = app;
			};
			name = Debug;
		};
		81ADD20018E17BBD00888A3D /* Release */ = {
			isa = XCBuildConfiguration;
			buildSettings = {
				ASSETCATALOG_COMPILER_APPICON_NAME = AppIcon;
				ASSETCATALOG_COMPILER_LAUNCHIMAGE_NAME = LaunchImage;
				GCC_PRECOMPILE_PREFIX_HEADER = YES;
				GCC_PREFIX_HEADER = "iOSSampleApp/iOSSampleApp-Prefix.pch";
				INFOPLIST_FILE = "iOSSampleApp/iOSSampleApp-Info.plist";
				PRODUCT_NAME = "$(TARGET_NAME)";
				WRAPPER_EXTENSION = app;
			};
			name = Release;
		};
		81ADD20218E17BBD00888A3D /* Debug */ = {
			isa = XCBuildConfiguration;
			buildSettings = {
				BUNDLE_LOADER = "$(BUILT_PRODUCTS_DIR)/iOSSampleApp.app/iOSSampleApp";
				FRAMEWORK_SEARCH_PATHS = (
					"$(SDKROOT)/Developer/Library/Frameworks",
					"$(inherited)",
					"$(DEVELOPER_FRAMEWORKS_DIR)",
				);
				GCC_PRECOMPILE_PREFIX_HEADER = YES;
				GCC_PREFIX_HEADER = "iOSSampleApp/iOSSampleApp-Prefix.pch";
				GCC_PREPROCESSOR_DEFINITIONS = (
					"DEBUG=1",
					"$(inherited)",
				);
				INFOPLIST_FILE = "iOSSampleAppTests/iOSSampleAppTests-Info.plist";
				PRODUCT_NAME = "$(TARGET_NAME)";
				TEST_HOST = "$(BUNDLE_LOADER)";
				WRAPPER_EXTENSION = xctest;
			};
			name = Debug;
		};
		81ADD20318E17BBD00888A3D /* Release */ = {
			isa = XCBuildConfiguration;
			buildSettings = {
				BUNDLE_LOADER = "$(BUILT_PRODUCTS_DIR)/iOSSampleApp.app/iOSSampleApp";
				FRAMEWORK_SEARCH_PATHS = (
					"$(SDKROOT)/Developer/Library/Frameworks",
					"$(inherited)",
					"$(DEVELOPER_FRAMEWORKS_DIR)",
				);
				GCC_PRECOMPILE_PREFIX_HEADER = YES;
				GCC_PREFIX_HEADER = "iOSSampleApp/iOSSampleApp-Prefix.pch";
				INFOPLIST_FILE = "iOSSampleAppTests/iOSSampleAppTests-Info.plist";
				PRODUCT_NAME = "$(TARGET_NAME)";
				TEST_HOST = "$(BUNDLE_LOADER)";
				WRAPPER_EXTENSION = xctest;
			};
			name = Release;
		};
/* End XCBuildConfiguration section */

/* Begin XCConfigurationList section */
		81ADD1C718E17BBC00888A3D /* Build configuration list for PBXProject "iOSSampleApp" */ = {
			isa = XCConfigurationList;
			buildConfigurations = (
				81ADD1FC18E17BBD00888A3D /* Debug */,
				81ADD1FD18E17BBD00888A3D /* Release */,
			);
			defaultConfigurationIsVisible = 0;
			defaultConfigurationName = Release;
		};
		81ADD1FE18E17BBD00888A3D /* Build configuration list for PBXNativeTarget "iOSSampleApp" */ = {
			isa = XCConfigurationList;
			buildConfigurations = (
				81ADD1FF18E17BBD00888A3D /* Debug */,
				81ADD20018E17BBD00888A3D /* Release */,
			);
			defaultConfigurationIsVisible = 0;
		};
		81ADD20118E17BBD00888A3D /* Build configuration list for PBXNativeTarget "iOSSampleAppTests" */ = {
			isa = XCConfigurationList;
			buildConfigurations = (
				81ADD20218E17BBD00888A3D /* Debug */,
				81ADD20318E17BBD00888A3D /* Release */,
			);
			defaultConfigurationIsVisible = 0;
		};
/* End XCConfigurationList section */
	};
	rootObject = 81ADD1C418E17BBC00888A3D /* Project object */;
}
